PODS:
  - Cache (5.3.0)
  - Gallery (2.2.2)
  - Hue (5.0.0)
  - Imaginary (4.3.1):
    - Cache (~> 5.3.0)
  - Lightbox (2.4.2):
    - Imaginary (~> 4.3.1)
  - SVProgressHUD (2.2.5)

DEPENDENCIES:
  - Gallery (from `https://github.com/loloa/Gallery.git`, branch `master`)
  - Hue
  - Lightbox
  - SVProgressHUD

SPEC REPOS:
  trunk:
    - Cache
    - Hue
    - Imaginary
    - Lightbox
    - SVProgressHUD

EXTERNAL SOURCES:
  Gallery:
    :branch: master
    :git: https://github.com/loloa/Gallery.git

CHECKOUT OPTIONS:
  Gallery:
    :commit: fea9f05b2f3d02619fbb0ad49eb7344e4bc0f921
    :git: https://github.com/loloa/Gallery.git

SPEC CHECKSUMS:
  Cache: 48762993ec44e1d93483c4d4a13edd18452326f4
  Gallery: 2e9473ef9465f785cd16a700a16794385223216e
  Hue: c129cb67be7d093a82bbbc30ce8a96757bf6f37a
  Imaginary: 18c5bba364229eef383b925199db442e71d175e1
  Lightbox: 8837c35c1150fa0410d94296e369b432d37f18c7
  SVProgressHUD: 1428aafac632c1f86f62aa4243ec12008d7a51d6

PODFILE CHECKSUM: 6aec193bb9b0e587961735ea7dc428a02cb6c818

COCOAPODS: 1.9.3
