PODS:
  - Cache (5.2.0)
  - Gallery (2.2.2)
  - Hue (5.0.0)
  - Imaginary (4.2.0):
    - Cache (~> 5.0)
  - Lightbox (2.3.0):
    - Imaginary (~> 4.0)
  - SVProgressHUD (2.2.5)

DEPENDENCIES:
  - Gallery (from `https://github.com/loloa/Gallery.git`, branch `master`)
  - Hue
  - Lightbox
  - SVProgressHUD

SPEC REPOS:
  trunk:
    - Cache
    - Hue
    - Imaginary
    - Lightbox
    - SVProgressHUD

EXTERNAL SOURCES:
  Gallery:
    :branch: master
    :git: https://github.com/loloa/Gallery.git

CHECKOUT OPTIONS:
  Gallery:
    :commit: a9cb44eee22968a989b0caf0b2d2f00b4b7af383
    :git: https://github.com/loloa/Gallery.git

SPEC CHECKSUMS:
  Cache: 807c5d86d01a177f06ede9865add3aea269bbfd4
  Gallery: 2e9473ef9465f785cd16a700a16794385223216e
  Hue: c129cb67be7d093a82bbbc30ce8a96757bf6f37a
  Imaginary: dae33d06dbc2ada22f98afef5eb45cc061311a2c
  Lightbox: d317750e4132bfb871a5307cfe0a2c7d6a583c65
  SVProgressHUD: 1428aafac632c1f86f62aa4243ec12008d7a51d6

PODFILE CHECKSUM: 6aec193bb9b0e587961735ea7dc428a02cb6c818

COCOAPODS: 1.9.3
